
Microsoft Visual Studio Solution File, Format Version 12.00
# Visual Studio Version 17
VisualStudioVersion = 17.8.34330.188
MinimumVisualStudioVersion = 10.0.40219.1
Project("{FAE04EC0-301F-11D3-BF4B-00C04F79EFBC}") = "EventSourcing.Shared", "EventSourcing.Shared\EventSourcing.Shared.csproj", "{6ED8B248-2118-4941-90F4-2BE4E572F38C}"
EndProject
Project("{FAE04EC0-301F-11D3-BF4B-00C04F79EFBC}") = "EventSourcing.API", "EventSourcing.API\EventSourcing.API.csproj", "{427C2B6B-45B7-46ED-A1F7-E33890B56C5B}"
EndProject
Global
	GlobalSection(SolutionConfigurationPlatforms) = preSolution
		Debug|Any CPU = Debug|Any CPU
		Release|Any CPU = Release|Any CPU
	EndGlobalSection
	GlobalSection(ProjectConfigurationPlatforms) = postSolution
		{6ED8B248-2118-4941-90F4-2BE4E572F38C}.Debug|Any CPU.ActiveCfg = Debug|Any CPU
		{6ED8B248-2118-4941-90F4-2BE4E572F38C}.Debug|Any CPU.Build.0 = Debug|Any CPU
		{6ED8B248-2118-4941-90F4-2BE4E572F38C}.Release|Any CPU.ActiveCfg = Release|Any CPU
		{6ED8B248-2118-4941-90F4-2BE4E572F38C}.Release|Any CPU.Build.0 = Release|Any CPU
		{427C2B6B-45B7-46ED-A1F7-E33890B56C5B}.Debug|Any CPU.ActiveCfg = Debug|Any CPU
		{427C2B6B-45B7-46ED-A1F7-E33890B56C5B}.Debug|Any CPU.Build.0 = Debug|Any CPU
		{427C2B6B-45B7-46ED-A1F7-E33890B56C5B}.Release|Any CPU.ActiveCfg = Release|Any CPU
		{427C2B6B-45B7-46ED-A1F7-E33890B56C5B}.Release|Any CPU.Build.0 = Release|Any CPU
	EndGlobalSection
	GlobalSection(SolutionProperties) = preSolution
		HideSolutionNode = FALSE
	EndGlobalSection
	GlobalSection(ExtensibilityGlobals) = postSolution
		SolutionGuid = {D3565AAB-536B-459D-A7A8-E793F2311D8B}
	EndGlobalSection
EndGlobal
